{
  "name": "spotifyunwrapped",
  "version": "1.0.0",
  "lockfileVersion": 3,
  "requires": true,
  "packages": {
    "": {
      "name": "spotifyunwrapped",
      "version": "1.0.0",
      "license": "ISC",
      "dependencies": {
        "current": "^0.1.6"
      }
    },
    "node_modules/current": {
      "version": "0.1.6",
      "resolved": "https://registry.npmjs.org/current/-/current-0.1.6.tgz",
      "integrity": "sha512-6ARaNsK5MT8v0MuLcFIwOkPsL88qrqvNoUCKIs9+szHqO0TCRsAyoVGGOec42opV7V2ybMbS7Me5Im91hBPq7Q==",
      "engines": [
        "node >= 0.8.10"
      ],
      "dependencies": {
        "request": "2.9.1"
      },
      "bin": {
        "current": "index.js"
      }
    },
    "node_modules/request": {
      "version": "2.9.1",
      "resolved": "https://registry.npmjs.org/request/-/request-2.9.1.tgz",
      "integrity": "sha512-lwgpRo/oVvj9iykBqgL8LDbndb/87THxn6RdB61ZEiNjPshoIw5ns7TCrgotGvgemLkU4cdgkEGutUPaiIIxRg==",
      "deprecated": "request has been deprecated, see https://github.com/request/request/issues/3142",
      "engines": [
        "node >= 0.3.6"
      ]
    }
  }
}
